
Microsoft Visual Studio Solution File, Format Version 12.00
# Visual Studio 15
VisualStudioVersion = 15.0.27703.2035
MinimumVisualStudioVersion = 10.0.40219.1
Project("{FAE04EC0-301F-11D3-BF4B-00C04F79EFBC}") = "Summative..1", "Summative..1\Summative..1.csproj", "{1ECA2F39-2485-4135-B444-4D674B2B02C1}"
EndProject
Global
	GlobalSection(SolutionConfigurationPlatforms) = preSolution
		Debug|Any CPU = Debug|Any CPU
		Release|Any CPU = Release|Any CPU
	EndGlobalSection
	GlobalSection(ProjectConfigurationPlatforms) = postSolution
		{1ECA2F39-2485-4135-B444-4D674B2B02C1}.Debug|Any CPU.ActiveCfg = Debug|Any CPU
		{1ECA2F39-2485-4135-B444-4D674B2B02C1}.Debug|Any CPU.Build.0 = Debug|Any CPU
		{1ECA2F39-2485-4135-B444-4D674B2B02C1}.Release|Any CPU.ActiveCfg = Release|Any CPU
		{1ECA2F39-2485-4135-B444-4D674B2B02C1}.Release|Any CPU.Build.0 = Release|Any CPU
	EndGlobalSection
	GlobalSection(SolutionProperties) = preSolution
		HideSolutionNode = FALSE
	EndGlobalSection
	GlobalSection(ExtensibilityGlobals) = postSolution
		SolutionGuid = {37009C3D-3B32-4E06-AF6A-69A12D10277B}
	EndGlobalSection
EndGlobal
